{
  "name": "sails-postgresql",
  "version": "0.12.2",
  "dependencies": {
    "async": {
      "version": "1.5.2",
      "from": "async@1.5.2",
      "resolved": "https://registry.npmjs.org/async/-/async-1.5.2.tgz"
    },
    "lodash": {
      "version": "3.10.1",
      "from": "lodash@3.10.1",
      "resolved": "https://registry.npmjs.org/lodash/-/lodash-3.10.1.tgz"
    },
    "waterline-cursor": {
      "version": "0.0.7",
      "from": "waterline-cursor@0.0.7",
      "resolved": "https://registry.npmjs.org/waterline-cursor/-/waterline-cursor-0.0.7.tgz"
    },
    "waterline-errors": {
      "version": "0.10.1",
      "from": "waterline-errors@0.10.1",
      "resolved": "https://registry.npmjs.org/waterline-errors/-/waterline-errors-0.10.1.tgz"
    },
    "waterline-sequel": {
      "version": "0.6.4",
      "from": "waterline-sequel@0.6.4",
      "resolved": "https://registry.npmjs.org/waterline-sequel/-/waterline-sequel-0.6.4.tgz"
    }
  }
}
